
Microsoft Visual Studio Solution File, Format Version 12.00
# Visual Studio 15
VisualStudioVersion = 15.0.28307.902
MinimumVisualStudioVersion = 10.0.40219.1
Project("{F2A71F9B-5D33-465A-A702-920D77279786}") = "qxl", "qxl\qxl.fsproj", "{5928622A-BA80-43F6-942B-0A72B7A2173A}"
EndProject
Global
	GlobalSection(SolutionConfigurationPlatforms) = preSolution
		Debug|Any CPU = Debug|Any CPU
		Release|Any CPU = Release|Any CPU
	EndGlobalSection
	GlobalSection(ProjectConfigurationPlatforms) = postSolution
		{5928622A-BA80-43F6-942B-0A72B7A2173A}.Debug|Any CPU.ActiveCfg = Debug|Any CPU
		{5928622A-BA80-43F6-942B-0A72B7A2173A}.Debug|Any CPU.Build.0 = Debug|Any CPU
		{5928622A-BA80-43F6-942B-0A72B7A2173A}.Release|Any CPU.ActiveCfg = Release|Any CPU
		{5928622A-BA80-43F6-942B-0A72B7A2173A}.Release|Any CPU.Build.0 = Release|Any CPU
	EndGlobalSection
	GlobalSection(SolutionProperties) = preSolution
		HideSolutionNode = FALSE
	EndGlobalSection
	GlobalSection(ExtensibilityGlobals) = postSolution
		SolutionGuid = {111147C7-74AE-48ED-9233-570FE2354C4A}
	EndGlobalSection
EndGlobal
